
Microsoft Visual Studio Solution File, Format Version 12.00
# Visual Studio 15
VisualStudioVersion = 15.0.27703.2035
MinimumVisualStudioVersion = 10.0.40219.1
Project("{9A19103F-16F7-4668-BE54-9A1E7A4F7556}") = "StatCalc", "StatCalc.csproj", "{05BD57C3-5B3C-47CC-BDAC-F1091A5261C9}"
EndProject
Global
	GlobalSection(SolutionConfigurationPlatforms) = preSolution
		Debug|Any CPU = Debug|Any CPU
		Release|Any CPU = Release|Any CPU
	EndGlobalSection
	GlobalSection(ProjectConfigurationPlatforms) = postSolution
		{05BD57C3-5B3C-47CC-BDAC-F1091A5261C9}.Debug|Any CPU.ActiveCfg = Debug|Any CPU
		{05BD57C3-5B3C-47CC-BDAC-F1091A5261C9}.Debug|Any CPU.Build.0 = Debug|Any CPU
		{05BD57C3-5B3C-47CC-BDAC-F1091A5261C9}.Release|Any CPU.ActiveCfg = Release|Any CPU
		{05BD57C3-5B3C-47CC-BDAC-F1091A5261C9}.Release|Any CPU.Build.0 = Release|Any CPU
	EndGlobalSection
	GlobalSection(SolutionProperties) = preSolution
		HideSolutionNode = FALSE
	EndGlobalSection
	GlobalSection(ExtensibilityGlobals) = postSolution
		SolutionGuid = {E4543923-63B0-4D30-A2A0-1FD2259E63E9}
	EndGlobalSection
EndGlobal
